// !$*UTF8*$!
{
	archiveVersion = 1;
	classes = {
	};
	objectVersion = 46;
	objects = {

/* Begin PBXBuildFile section */
		397C9AAF1EFCB20B00ECE5A3 /* main.m in Sources */ = {isa = PBXBuildFile; fileRef = 397C9AAE1EFCB20B00ECE5A3 /* main.m */; };
		397C9AB21EFCB20B00ECE5A3 /* AppDelegate.m in Sources */ = {isa = PBXBuildFile; fileRef = 397C9AB11EFCB20B00ECE5A3 /* AppDelegate.m */; };
		397C9AB51EFCB20B00ECE5A3 /* ViewController.m in Sources */ = {isa = PBXBuildFile; fileRef = 397C9AB41EFCB20B00ECE5A3 /* ViewController.m */; };
		397C9AB81EFCB20B00ECE5A3 /* Main.storyboard in Resources */ = {isa = PBXBuildFile; fileRef = 397C9AB61EFCB20B00ECE5A3 /* Main.storyboard */; };
		397C9ABA1EFCB20B00ECE5A3 /* Assets.xcassets in Resources */ = {isa = PBXBuildFile; fileRef = 397C9AB91EFCB20B00ECE5A3 /* Assets.xcassets */; };
		397C9ABD1EFCB20B00ECE5A3 /* LaunchScreen.storyboard in Resources */ = {isa = PBXBuildFile; fileRef = 397C9ABB1EFCB20B00ECE5A3 /* LaunchScreen.storyboard */; };
		397C9ACB1EFCB25400ECE5A3 /* RentExceptionGather.m in Sources */ = {isa = PBXBuildFile; fileRef = 397C9AC71EFCB25400ECE5A3 /* RentExceptionGather.m */; };
/* End PBXBuildFile section */

/* Begin PBXFileReference section */
		397C9AAA1EFCB20B00ECE5A3 /* QMTools.app */ = {isa = PBXFileReference; explicitFileType = wrapper.application; includeInIndex = 0; path = QMTools.app; sourceTree = BUILT_PRODUCTS_DIR; };
		397C9AAE1EFCB20B00ECE5A3 /* main.m */ = {isa = PBXFileReference; lastKnownFileType = sourcecode.c.objc; path = main.m; sourceTree = "<group>"; };
		397C9AB01EFCB20B00ECE5A3 /* AppDelegate.h */ = {isa = PBXFileReference; lastKnownFileType = sourcecode.c.h; path = AppDelegate.h; sourceTree = "<group>"; };
		397C9AB11EFCB20B00ECE5A3 /* AppDelegate.m */ = {isa = PBXFileReference; lastKnownFileType = sourcecode.c.objc; path = AppDelegate.m; sourceTree = "<group>"; };
		397C9AB31EFCB20B00ECE5A3 /* ViewController.h */ = {isa = PBXFileReference; lastKnownFileType = sourcecode.c.h; path = ViewController.h; sourceTree = "<group>"; };
		397C9AB41EFCB20B00ECE5A3 /* ViewController.m */ = {isa = PBXFileReference; lastKnownFileType = sourcecode.c.objc; path = ViewController.m; sourceTree = "<group>"; };
		397C9AB71EFCB20B00ECE5A3 /* Base */ = {isa = PBXFileReference; lastKnownFileType = file.storyboard; name = Base; path = Base.lproj/Main.storyboard; sourceTree = "<group>"; };
		397C9AB91EFCB20B00ECE5A3 /* Assets.xcassets */ = {isa = PBXFileReference; lastKnownFileType = folder.assetcatalog; path = Assets.xcassets; sourceTree = "<group>"; };
		397C9ABC1EFCB20B00ECE5A3 /* Base */ = {isa = PBXFileReference; lastKnownFileType = file.storyboard; name = Base; path = Base.lproj/LaunchScreen.storyboard; sourceTree = "<group>"; };
		397C9ABE1EFCB20B00ECE5A3 /* Info.plist */ = {isa = PBXFileReference; lastKnownFileType = text.plist.xml; path = Info.plist; sourceTree = "<group>"; };
		397C9AC61EFCB25400ECE5A3 /* RentExceptionGather.h */ = {isa = PBXFileReference; fileEncoding = 4; lastKnownFileType = sourcecode.c.h; path = RentExceptionGather.h; sourceTree = "<group>"; };
		397C9AC71EFCB25400ECE5A3 /* RentExceptionGather.m */ = {isa = PBXFileReference; fileEncoding = 4; lastKnownFileType = sourcecode.c.objc; path = RentExceptionGather.m; sourceTree = "<group>"; };
/* End PBXFileReference section */

/* Begin PBXFrameworksBuildPhase section */
		397C9AA71EFCB20B00ECE5A3 /* Frameworks */ = {
			isa = PBXFrameworksBuildPhase;
			buildActionMask = 2147483647;
			files = (
			);
			runOnlyForDeploymentPostprocessing = 0;
		};
/* End PBXFrameworksBuildPhase section */

/* Begin PBXGroup section */
		397C9AA11EFCB20B00ECE5A3 = {
			isa = PBXGroup;
			children = (
				397C9AAC1EFCB20B00ECE5A3 /* QMTools */,
				397C9AAB1EFCB20B00ECE5A3 /* Products */,
			);
			sourceTree = "<group>";
		};
		397C9AAB1EFCB20B00ECE5A3 /* Products */ = {
			isa = PBXGroup;
			children = (
				397C9AAA1EFCB20B00ECE5A3 /* QMTools.app */,
			);
			name = Products;
			sourceTree = "<group>";
		};
		397C9AAC1EFCB20B00ECE5A3 /* QMTools */ = {
			isa = PBXGroup;
			children = (
				397C9AC41EFCB25400ECE5A3 /* Utility */,
				397C9AB01EFCB20B00ECE5A3 /* AppDelegate.h */,
				397C9AB11EFCB20B00ECE5A3 /* AppDelegate.m */,
				397C9AB31EFCB20B00ECE5A3 /* ViewController.h */,
				397C9AB41EFCB20B00ECE5A3 /* ViewController.m */,
				397C9AB61EFCB20B00ECE5A3 /* Main.storyboard */,
				397C9AB91EFCB20B00ECE5A3 /* Assets.xcassets */,
				397C9ABB1EFCB20B00ECE5A3 /* LaunchScreen.storyboard */,
				397C9ABE1EFCB20B00ECE5A3 /* Info.plist */,
				397C9AAD1EFCB20B00ECE5A3 /* Supporting Files */,
			);
			path = QMTools;
			sourceTree = "<group>";
		};
		397C9AAD1EFCB20B00ECE5A3 /* Supporting Files */ = {
			isa = PBXGroup;
			children = (
				397C9AAE1EFCB20B00ECE5A3 /* main.m */,
			);
			name = "Supporting Files";
			sourceTree = "<group>";
		};
		397C9AC41EFCB25400ECE5A3 /* Utility */ = {
			isa = PBXGroup;
			children = (
				397C9AC51EFCB25400ECE5A3 /* GatherCrash */,
			);
			path = Utility;
			sourceTree = "<group>";
		};
		397C9AC51EFCB25400ECE5A3 /* GatherCrash */ = {
			isa = PBXGroup;
			children = (
				397C9AC61EFCB25400ECE5A3 /* RentExceptionGather.h */,
				397C9AC71EFCB25400ECE5A3 /* RentExceptionGather.m */,
			);
			path = GatherCrash;
			sourceTree = "<group>";
		};
/* End PBXGroup section */

/* Begin PBXNativeTarget section */
		397C9AA91EFCB20B00ECE5A3 /* QMTools */ = {
			isa = PBXNativeTarget;
			buildConfigurationList = 397C9AC11EFCB20B00ECE5A3 /* Build configuration list for PBXNativeTarget "QMTools" */;
			buildPhases = (
				397C9AA61EFCB20B00ECE5A3 /* Sources */,
				397C9AA71EFCB20B00ECE5A3 /* Frameworks */,
				397C9AA81EFCB20B00ECE5A3 /* Resources */,
			);
			buildRules = (
			);
			dependencies = (
			);
			name = QMTools;
			productName = QMTools;
			productReference = 397C9AAA1EFCB20B00ECE5A3 /* QMTools.app */;
			productType = "com.apple.product-type.application";
		};
/* End PBXNativeTarget section */

/* Begin PBXProject section */
		397C9AA21EFCB20B00ECE5A3 /* Project object */ = {
			isa = PBXProject;
			attributes = {
				LastUpgradeCheck = 0810;
				ORGANIZATIONNAME = qinman;
				TargetAttributes = {
					397C9AA91EFCB20B00ECE5A3 = {
						CreatedOnToolsVersion = 8.1;
						DevelopmentTeam = 2EEW4XH5A6;
						ProvisioningStyle = Automatic;
					};
				};
			};
			buildConfigurationList = 397C9AA51EFCB20B00ECE5A3 /* Build configuration list for PBXProject "QMTools" */;
			compatibilityVersion = "Xcode 3.2";
			developmentRegion = English;
			hasScannedForEncodings = 0;
			knownRegions = (
				en,
				Base,
			);
			mainGroup = 397C9AA11EFCB20B00ECE5A3;
			productRefGroup = 397C9AAB1EFCB20B00ECE5A3 /* Products */;
			projectDirPath = "";
			projectRoot = "";
			targets = (
				397C9AA91EFCB20B00ECE5A3 /* QMTools */,
			);
		};
/* End PBXProject section */

/* Begin PBXResourcesBuildPhase section */
		397C9AA81EFCB20B00ECE5A3 /* Resources */ = {
			isa = PBXResourcesBuildPhase;
			buildActionMask = 2147483647;
			files = (
				397C9ABD1EFCB20B00ECE5A3 /* LaunchScreen.storyboard in Resources */,
				397C9ABA1EFCB20B00ECE5A3 /* Assets.xcassets in Resources */,
				397C9AB81EFCB20B00ECE5A3 /* Main.storyboard in Resources */,
			);
			runOnlyForDeploymentPostprocessing = 0;
		};
/* End PBXResourcesBuildPhase section */

/* Begin PBXSourcesBuildPhase section */
		397C9AA61EFCB20B00ECE5A3 /* Sources */ = {
			isa = PBXSourcesBuildPhase;
			buildActionMask = 2147483647;
			files = (
				397C9AB51EFCB20B00ECE5A3 /* ViewController.m in Sources */,
				397C9AB21EFCB20B00ECE5A3 /* AppDelegate.m in Sources */,
				397C9AAF1EFCB20B00ECE5A3 /* main.m in Sources */,
				397C9ACB1EFCB25400ECE5A3 /* RentExceptionGather.m in Sources */,
			);
			runOnlyForDeploymentPostprocessing = 0;
		};
/* End PBXSourcesBuildPhase section */

/* Begin PBXVariantGroup section */
		397C9AB61EFCB20B00ECE5A3 /* Main.storyboard */ = {
			isa = PBXVariantGroup;
			children = (
				397C9AB71EFCB20B00ECE5A3 /* Base */,
			);
			name = Main.storyboard;
			sourceTree = "<group>";
		};
		397C9ABB1EFCB20B00ECE5A3 /* LaunchScreen.storyboard */ = {
			isa = PBXVariantGroup;
			children = (
				397C9ABC1EFCB20B00ECE5A3 /* Base */,
			);
			name = LaunchScreen.storyboard;
			sourceTree = "<group>";
		};
/* End PBXVariantGroup section */

/* Begin XCBuildConfiguration section */
		397C9ABF1EFCB20B00ECE5A3 /* Debug */ = {
			isa = XCBuildConfiguration;
			buildSettings = {
				ALWAYS_SEARCH_USER_PATHS = NO;
				CLANG_ANALYZER_NONNULL = YES;
				CLANG_CXX_LANGUAGE_STANDARD = "gnu++0x";
				CLANG_CXX_LIBRARY = "libc++";
				CLANG_ENABLE_MODULES = YES;
				CLANG_ENABLE_OBJC_ARC = YES;
				CLANG_WARN_BOOL_CONVERSION = YES;
				CLANG_WARN_CONSTANT_CONVERSION = YES;
				CLANG_WARN_DIRECT_OBJC_ISA_USAGE = YES_ERROR;
				CLANG_WARN_DOCUMENTATION_COMMENTS = YES;
				CLANG_WARN_EMPTY_BODY = YES;
				CLANG_WARN_ENUM_CONVERSION = YES;
				CLANG_WARN_INFINITE_RECURSION = YES;
				CLANG_WARN_INT_CONVERSION = YES;
				CLANG_WARN_OBJC_ROOT_CLASS = YES_ERROR;
				CLANG_WARN_SUSPICIOUS_MOVES = YES;
				CLANG_WARN_UNREACHABLE_CODE = YES;
				CLANG_WARN__DUPLICATE_METHOD_MATCH = YES;
				"CODE_SIGN_IDENTITY[sdk=iphoneos*]" = "iPhone Developer";
				COPY_PHASE_STRIP = NO;
				DEBUG_INFORMATION_FORMAT = dwarf;
				ENABLE_STRICT_OBJC_MSGSEND = YES;
				ENABLE_TESTABILITY = YES;
				GCC_C_LANGUAGE_STANDARD = gnu99;
				GCC_DYNAMIC_NO_PIC = NO;
				GCC_NO_COMMON_BLOCKS = YES;
				GCC_OPTIMIZATION_LEVEL = 0;
				GCC_PREPROCESSOR_DEFINITIONS = (
					"DEBUG=1",
					"$(inherited)",
				);
				GCC_WARN_64_TO_32_BIT_CONVERSION = YES;
				GCC_WARN_ABOUT_RETURN_TYPE = YES_ERROR;
				GCC_WARN_UNDECLARED_SELECTOR = YES;
				GCC_WARN_UNINITIALIZED_AUTOS = YES_AGGRESSIVE;
				GCC_WARN_UNUSED_FUNCTION = YES;
				GCC_WARN_UNUSED_VARIABLE = YES;
				IPHONEOS_DEPLOYMENT_TARGET = 10.1;
				MTL_ENABLE_DEBUG_INFO = YES;
				ONLY_ACTIVE_ARCH = YES;
				SDKROOT = iphoneos;
				TARGETED_DEVICE_FAMILY = "1,2";
			};
			name = Debug;
		};
		397C9AC01EFCB20B00ECE5A3 /* Release */ = {
			isa = XCBuildConfiguration;
			buildSettings = {
				ALWAYS_SEARCH_USER_PATHS = NO;
				CLANG_ANALYZER_NONNULL = YES;
				CLANG_CXX_LANGUAGE_STANDARD = "gnu++0x";
				CLANG_CXX_LIBRARY = "libc++";
				CLANG_ENABLE_MODULES = YES;
				CLANG_ENABLE_OBJC_ARC = YES;
				CLANG_WARN_BOOL_CONVERSION = YES;
				CLANG_WARN_CONSTANT_CONVERSION = YES;
				CLANG_WARN_DIRECT_OBJC_ISA_USAGE = YES_ERROR;
				CLANG_WARN_DOCUMENTATION_COMMENTS = YES;
				CLANG_WARN_EMPTY_BODY = YES;
				CLANG_WARN_ENUM_CONVERSION = YES;
				CLANG_WARN_INFINITE_RECURSION = YES;
				CLANG_WARN_INT_CONVERSION = YES;
				CLANG_WARN_OBJC_ROOT_CLASS = YES_ERROR;
				CLANG_WARN_SUSPICIOUS_MOVES = YES;
				CLANG_WARN_UNREACHABLE_CODE = YES;
				CLANG_WARN__DUPLICATE_METHOD_MATCH = YES;
				"CODE_SIGN_IDENTITY[sdk=iphoneos*]" = "iPhone Developer";
				COPY_PHASE_STRIP = NO;
				DEBUG_INFORMATION_FORMAT = "dwarf-with-dsym";
				ENABLE_NS_ASSERTIONS = NO;
				ENABLE_STRICT_OBJC_MSGSEND = YES;
				GCC_C_LANGUAGE_STANDARD = gnu99;
				GCC_NO_COMMON_BLOCKS = YES;
				GCC_WARN_64_TO_32_BIT_CONVERSION = YES;
				GCC_WARN_ABOUT_RETURN_TYPE = YES_ERROR;
				GCC_WARN_UNDECLARED_SELECTOR = YES;
				GCC_WARN_UNINITIALIZED_AUTOS = YES_AGGRESSIVE;
				GCC_WARN_UNUSED_FUNCTION = YES;
				GCC_WARN_UNUSED_VARIABLE = YES;
				IPHONEOS_DEPLOYMENT_TARGET = 10.1;
				MTL_ENABLE_DEBUG_INFO = NO;
				SDKROOT = iphoneos;
				TARGETED_DEVICE_FAMILY = "1,2";
				VALIDATE_PRODUCT = YES;
			};
			name = Release;
		};
		397C9AC21EFCB20B00ECE5A3 /* Debug */ = {
			isa = XCBuildConfiguration;
			buildSettings = {
				ASSETCATALOG_COMPILER_APPICON_NAME = AppIcon;
				DEVELOPMENT_TEAM = 2EEW4XH5A6;
				INFOPLIST_FILE = QMTools/Info.plist;
				IPHONEOS_DEPLOYMENT_TARGET = 8.4;
				LD_RUNPATH_SEARCH_PATHS = "$(inherited) @executable_path/Frameworks";
				PRODUCT_BUNDLE_IDENTIFIER = qinman.QMTools;
				PRODUCT_NAME = "$(TARGET_NAME)";
			};
			name = Debug;
		};
		397C9AC31EFCB20B00ECE5A3 /* Release */ = {
			isa = XCBuildConfiguration;
			buildSettings = {
				ASSETCATALOG_COMPILER_APPICON_NAME = AppIcon;
				DEVELOPMENT_TEAM = 2EEW4XH5A6;
				INFOPLIST_FILE = QMTools/Info.plist;
				IPHONEOS_DEPLOYMENT_TARGET = 8.4;
				LD_RUNPATH_SEARCH_PATHS = "$(inherited) @executable_path/Frameworks";
				PRODUCT_BUNDLE_IDENTIFIER = qinman.QMTools;
				PRODUCT_NAME = "$(TARGET_NAME)";
			};
			name = Release;
		};
/* End XCBuildConfiguration section */

/* Begin XCConfigurationList section */
		397C9AA51EFCB20B00ECE5A3 /* Build configuration list for PBXProject "QMTools" */ = {
			isa = XCConfigurationList;
			buildConfigurations = (
				397C9ABF1EFCB20B00ECE5A3 /* Debug */,
				397C9AC01EFCB20B00ECE5A3 /* Release */,
			);
			defaultConfigurationIsVisible = 0;
			defaultConfigurationName = Release;
		};
		397C9AC11EFCB20B00ECE5A3 /* Build configuration list for PBXNativeTarget "QMTools" */ = {
			isa = XCConfigurationList;
			buildConfigurations = (
				397C9AC21EFCB20B00ECE5A3 /* Debug */,
				397C9AC31EFCB20B00ECE5A3 /* Release */,
			);
			defaultConfigurationIsVisible = 0;
		};
/* End XCConfigurationList section */
	};
	rootObject = 397C9AA21EFCB20B00ECE5A3 /* Project object */;
}
